PODS:
  - EAIntroView (2.12.0):
    - EARestrictedScrollView (~> 1.1.0)
  - EARestrictedScrollView (1.1.0)
  - SMPageControl (1.2)

DEPENDENCIES:
  - EAIntroView (from `../`)
  - SMPageControl (~> 1.2)

SPEC REPOS:
  https://github.com/CocoaPods/Specs.git:
    - EARestrictedScrollView
    - SMPageControl

EXTERNAL SOURCES:
  EAIntroView:
    :path: "../"

SPEC CHECKSUMS:
  EAIntroView: 249559079ddfdbe80e5bcb755c04c3b964b2ac27
  EARestrictedScrollView: b0c2a3f92fb2610bb44d71c5e4893777c89e45ef
  SMPageControl: 922892813001cfaf059e86e6801f46a967e9ee29

PODFILE CHECKSUM: 6664ce5d1ccd821f98d12647a5029a93e72a7bed

COCOAPODS: 1.10.0
