PODS:
  - EAIntroView (2.10.0):
    - EARestrictedScrollView (~> 1.1.0)
  - EARestrictedScrollView (1.1.0)
  - SMPageControl (1.2)

DEPENDENCIES:
  - EAIntroView (from `../`)
  - SMPageControl (~> 1.2)

EXTERNAL SOURCES:
  EAIntroView:
    :path: "../"

SPEC CHECKSUMS:
  EAIntroView: 3494b7bbd1212e3a4f7e8d16194a1b00e7b9abb2
  EARestrictedScrollView: b0c2a3f92fb2610bb44d71c5e4893777c89e45ef
  SMPageControl: 922892813001cfaf059e86e6801f46a967e9ee29

PODFILE CHECKSUM: ccd78dd24340deb55420824d45fb13fac359a077

COCOAPODS: 1.2.0.beta.1
