// !$*UTF8*$!
{
	archiveVersion = 1;
	classes = {
	};
	objectVersion = 46;
	objects = {

/* Begin PBXBuildFile section */
		5510618C183AAB61003D79BF /* title1@2x.png in Resources */ = {isa = PBXBuildFile; fileRef = 55106183183AAB61003D79BF /* title1@2x.png */; };
		5510618D183AAB61003D79BF /* title2@2x.png in Resources */ = {isa = PBXBuildFile; fileRef = 55106184183AAB61003D79BF /* title2@2x.png */; };
		5510618E183AAB61003D79BF /* title3@2x.png in Resources */ = {isa = PBXBuildFile; fileRef = 55106185183AAB61003D79BF /* title3@2x.png */; };
		5510618F183AAB61003D79BF /* title4@2x.png in Resources */ = {isa = PBXBuildFile; fileRef = 55106186183AAB61003D79BF /* title4@2x.png */; };
		55106194183AAFD6003D79BF /* bg1@2x.png in Resources */ = {isa = PBXBuildFile; fileRef = 55106190183AAFD6003D79BF /* bg1@2x.png */; };
		55106195183AAFD6003D79BF /* bg2@2x.png in Resources */ = {isa = PBXBuildFile; fileRef = 55106191183AAFD6003D79BF /* bg2@2x.png */; };
		55106196183AAFD6003D79BF /* bg3@2x.png in Resources */ = {isa = PBXBuildFile; fileRef = 55106192183AAFD6003D79BF /* bg3@2x.png */; };
		55106197183AAFD6003D79BF /* bg4@2x.png in Resources */ = {isa = PBXBuildFile; fileRef = 55106193183AAFD6003D79BF /* bg4@2x.png */; };
		55106199183AB4CA003D79BF /* IntroPage.xib in Resources */ = {isa = PBXBuildFile; fileRef = 55106198183AB4CA003D79BF /* IntroPage.xib */; };
		5510619C183AB7F3003D79BF /* PageSubclass.m in Sources */ = {isa = PBXBuildFile; fileRef = 5510619B183AB7F3003D79BF /* PageSubclass.m */; };
		551061A3183AB999003D79BF /* LICENSE in Resources */ = {isa = PBXBuildFile; fileRef = 5510619F183AB999003D79BF /* LICENSE */; };
		551061A4183AB999003D79BF /* readme.md in Resources */ = {isa = PBXBuildFile; fileRef = 551061A0183AB999003D79BF /* readme.md */; };
		551061A5183AB999003D79BF /* SMPageControl.m in Sources */ = {isa = PBXBuildFile; fileRef = 551061A2183AB999003D79BF /* SMPageControl.m */; };
		551061A8183AB9D0003D79BF /* pageDot.png in Resources */ = {isa = PBXBuildFile; fileRef = 551061A6183AB9D0003D79BF /* pageDot.png */; };
		551061A9183AB9D0003D79BF /* pageDot@2x.png in Resources */ = {isa = PBXBuildFile; fileRef = 551061A7183AB9D0003D79BF /* pageDot@2x.png */; };
		551061AB183ABAED003D79BF /* skipButton@2x.png in Resources */ = {isa = PBXBuildFile; fileRef = 551061AA183ABAED003D79BF /* skipButton@2x.png */; };
		551061AD183ABF25003D79BF /* bigLogo@2x.png in Resources */ = {isa = PBXBuildFile; fileRef = 551061AC183ABF25003D79BF /* bigLogo@2x.png */; };
		551061AF183AC21D003D79BF /* icon3@2x.png in Resources */ = {isa = PBXBuildFile; fileRef = 551061AE183AC21D003D79BF /* icon3@2x.png */; };
		551061B2183AC28B003D79BF /* icon1@2x.png in Resources */ = {isa = PBXBuildFile; fileRef = 551061B0183AC28B003D79BF /* icon1@2x.png */; };
		551061B3183AC28B003D79BF /* icon2@2x.png in Resources */ = {isa = PBXBuildFile; fileRef = 551061B1183AC28B003D79BF /* icon2@2x.png */; };
		551358FF17E4406000B41A90 /* UIKit.framework in Frameworks */ = {isa = PBXBuildFile; fileRef = 551358FE17E4406000B41A90 /* UIKit.framework */; };
		5513590117E4406000B41A90 /* Foundation.framework in Frameworks */ = {isa = PBXBuildFile; fileRef = 5513590017E4406000B41A90 /* Foundation.framework */; };
		5513590317E4406000B41A90 /* CoreGraphics.framework in Frameworks */ = {isa = PBXBuildFile; fileRef = 5513590217E4406000B41A90 /* CoreGraphics.framework */; };
		5513593417E440C500B41A90 /* AppDelegate.m in Sources */ = {isa = PBXBuildFile; fileRef = 5513592317E440C500B41A90 /* AppDelegate.m */; };
		5513593517E440C500B41A90 /* ViewController.m in Sources */ = {isa = PBXBuildFile; fileRef = 5513592517E440C500B41A90 /* ViewController.m */; };
		5513593617E440C500B41A90 /* EAIntroPage.m in Sources */ = {isa = PBXBuildFile; fileRef = 5513592817E440C500B41A90 /* EAIntroPage.m */; };
		5513593717E440C500B41A90 /* EAIntroView.m in Sources */ = {isa = PBXBuildFile; fileRef = 5513592A17E440C500B41A90 /* EAIntroView.m */; };
		5513593817E440C500B41A90 /* Default-568h@2x.png in Resources */ = {isa = PBXBuildFile; fileRef = 5513592C17E440C500B41A90 /* Default-568h@2x.png */; };
		5513593917E440C500B41A90 /* Default.png in Resources */ = {isa = PBXBuildFile; fileRef = 5513592D17E440C500B41A90 /* Default.png */; };
		5513593A17E440C500B41A90 /* Default@2x.png in Resources */ = {isa = PBXBuildFile; fileRef = 5513592E17E440C500B41A90 /* Default@2x.png */; };
		5513593B17E440C500B41A90 /* MainStoryboard.storyboard in Resources */ = {isa = PBXBuildFile; fileRef = 5513592F17E440C500B41A90 /* MainStoryboard.storyboard */; };
		5513593D17E440C500B41A90 /* main.m in Sources */ = {isa = PBXBuildFile; fileRef = 5513593317E440C500B41A90 /* main.m */; };
/* End PBXBuildFile section */

/* Begin PBXFileReference section */
		55106183183AAB61003D79BF /* title1@2x.png */ = {isa = PBXFileReference; lastKnownFileType = image.png; path = "title1@2x.png"; sourceTree = "<group>"; };
		55106184183AAB61003D79BF /* title2@2x.png */ = {isa = PBXFileReference; lastKnownFileType = image.png; path = "title2@2x.png"; sourceTree = "<group>"; };
		55106185183AAB61003D79BF /* title3@2x.png */ = {isa = PBXFileReference; lastKnownFileType = image.png; path = "title3@2x.png"; sourceTree = "<group>"; };
		55106186183AAB61003D79BF /* title4@2x.png */ = {isa = PBXFileReference; lastKnownFileType = image.png; path = "title4@2x.png"; sourceTree = "<group>"; };
		55106190183AAFD6003D79BF /* bg1@2x.png */ = {isa = PBXFileReference; lastKnownFileType = image.png; path = "bg1@2x.png"; sourceTree = "<group>"; };
		55106191183AAFD6003D79BF /* bg2@2x.png */ = {isa = PBXFileReference; lastKnownFileType = image.png; path = "bg2@2x.png"; sourceTree = "<group>"; };
		55106192183AAFD6003D79BF /* bg3@2x.png */ = {isa = PBXFileReference; lastKnownFileType = image.png; path = "bg3@2x.png"; sourceTree = "<group>"; };
		55106193183AAFD6003D79BF /* bg4@2x.png */ = {isa = PBXFileReference; lastKnownFileType = image.png; path = "bg4@2x.png"; sourceTree = "<group>"; };
		55106198183AB4CA003D79BF /* IntroPage.xib */ = {isa = PBXFileReference; fileEncoding = 4; lastKnownFileType = file.xib; path = IntroPage.xib; sourceTree = "<group>"; };
		5510619A183AB7F3003D79BF /* PageSubclass.h */ = {isa = PBXFileReference; fileEncoding = 4; lastKnownFileType = sourcecode.c.h; path = PageSubclass.h; sourceTree = "<group>"; };
		5510619B183AB7F3003D79BF /* PageSubclass.m */ = {isa = PBXFileReference; fileEncoding = 4; lastKnownFileType = sourcecode.c.objc; path = PageSubclass.m; sourceTree = "<group>"; };
		5510619F183AB999003D79BF /* LICENSE */ = {isa = PBXFileReference; fileEncoding = 4; lastKnownFileType = text; path = LICENSE; sourceTree = "<group>"; };
		551061A0183AB999003D79BF /* readme.md */ = {isa = PBXFileReference; fileEncoding = 4; lastKnownFileType = text; path = readme.md; sourceTree = "<group>"; };
		551061A1183AB999003D79BF /* SMPageControl.h */ = {isa = PBXFileReference; fileEncoding = 4; lastKnownFileType = sourcecode.c.h; path = SMPageControl.h; sourceTree = "<group>"; };
		551061A2183AB999003D79BF /* SMPageControl.m */ = {isa = PBXFileReference; fileEncoding = 4; lastKnownFileType = sourcecode.c.objc; path = SMPageControl.m; sourceTree = "<group>"; };
		551061A6183AB9D0003D79BF /* pageDot.png */ = {isa = PBXFileReference; lastKnownFileType = image.png; path = pageDot.png; sourceTree = "<group>"; };
		551061A7183AB9D0003D79BF /* pageDot@2x.png */ = {isa = PBXFileReference; lastKnownFileType = image.png; path = "pageDot@2x.png"; sourceTree = "<group>"; };
		551061AA183ABAED003D79BF /* skipButton@2x.png */ = {isa = PBXFileReference; lastKnownFileType = image.png; path = "skipButton@2x.png"; sourceTree = "<group>"; };
		551061AC183ABF25003D79BF /* bigLogo@2x.png */ = {isa = PBXFileReference; lastKnownFileType = image.png; path = "bigLogo@2x.png"; sourceTree = "<group>"; };
		551061AE183AC21D003D79BF /* icon3@2x.png */ = {isa = PBXFileReference; lastKnownFileType = image.png; path = "icon3@2x.png"; sourceTree = "<group>"; };
		551061B0183AC28B003D79BF /* icon1@2x.png */ = {isa = PBXFileReference; lastKnownFileType = image.png; path = "icon1@2x.png"; sourceTree = "<group>"; };
		551061B1183AC28B003D79BF /* icon2@2x.png */ = {isa = PBXFileReference; lastKnownFileType = image.png; path = "icon2@2x.png"; sourceTree = "<group>"; };
		551358FB17E4406000B41A90 /* EAIntroView.app */ = {isa = PBXFileReference; explicitFileType = wrapper.application; includeInIndex = 0; path = EAIntroView.app; sourceTree = BUILT_PRODUCTS_DIR; };
		551358FE17E4406000B41A90 /* UIKit.framework */ = {isa = PBXFileReference; lastKnownFileType = wrapper.framework; name = UIKit.framework; path = System/Library/Frameworks/UIKit.framework; sourceTree = SDKROOT; };
		5513590017E4406000B41A90 /* Foundation.framework */ = {isa = PBXFileReference; lastKnownFileType = wrapper.framework; name = Foundation.framework; path = System/Library/Frameworks/Foundation.framework; sourceTree = SDKROOT; };
		5513590217E4406000B41A90 /* CoreGraphics.framework */ = {isa = PBXFileReference; lastKnownFileType = wrapper.framework; name = CoreGraphics.framework; path = System/Library/Frameworks/CoreGraphics.framework; sourceTree = SDKROOT; };
		5513592217E440C500B41A90 /* AppDelegate.h */ = {isa = PBXFileReference; fileEncoding = 4; lastKnownFileType = sourcecode.c.h; path = AppDelegate.h; sourceTree = "<group>"; };
		5513592317E440C500B41A90 /* AppDelegate.m */ = {isa = PBXFileReference; fileEncoding = 4; lastKnownFileType = sourcecode.c.objc; path = AppDelegate.m; sourceTree = "<group>"; };
		5513592417E440C500B41A90 /* ViewController.h */ = {isa = PBXFileReference; fileEncoding = 4; lastKnownFileType = sourcecode.c.h; path = ViewController.h; sourceTree = "<group>"; };
		5513592517E440C500B41A90 /* ViewController.m */ = {isa = PBXFileReference; fileEncoding = 4; lastKnownFileType = sourcecode.c.objc; path = ViewController.m; sourceTree = "<group>"; };
		5513592717E440C500B41A90 /* EAIntroPage.h */ = {isa = PBXFileReference; fileEncoding = 4; lastKnownFileType = sourcecode.c.h; path = EAIntroPage.h; sourceTree = "<group>"; };
		5513592817E440C500B41A90 /* EAIntroPage.m */ = {isa = PBXFileReference; fileEncoding = 4; lastKnownFileType = sourcecode.c.objc; path = EAIntroPage.m; sourceTree = "<group>"; };
		5513592917E440C500B41A90 /* EAIntroView.h */ = {isa = PBXFileReference; fileEncoding = 4; lastKnownFileType = sourcecode.c.h; path = EAIntroView.h; sourceTree = "<group>"; };
		5513592A17E440C500B41A90 /* EAIntroView.m */ = {isa = PBXFileReference; fileEncoding = 4; lastKnownFileType = sourcecode.c.objc; path = EAIntroView.m; sourceTree = "<group>"; };
		5513592C17E440C500B41A90 /* Default-568h@2x.png */ = {isa = PBXFileReference; lastKnownFileType = image.png; path = "Default-568h@2x.png"; sourceTree = "<group>"; };
		5513592D17E440C500B41A90 /* Default.png */ = {isa = PBXFileReference; lastKnownFileType = image.png; path = Default.png; sourceTree = "<group>"; };
		5513592E17E440C500B41A90 /* Default@2x.png */ = {isa = PBXFileReference; lastKnownFileType = image.png; path = "Default@2x.png"; sourceTree = "<group>"; };
		5513592F17E440C500B41A90 /* MainStoryboard.storyboard */ = {isa = PBXFileReference; fileEncoding = 4; lastKnownFileType = file.storyboard; path = MainStoryboard.storyboard; sourceTree = "<group>"; };
		5513593117E440C500B41A90 /* EAIntroView-Info.plist */ = {isa = PBXFileReference; fileEncoding = 4; lastKnownFileType = text.plist.xml; path = "EAIntroView-Info.plist"; sourceTree = "<group>"; };
		5513593217E440C500B41A90 /* EAIntroView-Prefix.pch */ = {isa = PBXFileReference; fileEncoding = 4; lastKnownFileType = sourcecode.c.h; path = "EAIntroView-Prefix.pch"; sourceTree = "<group>"; };
		5513593317E440C500B41A90 /* main.m */ = {isa = PBXFileReference; fileEncoding = 4; lastKnownFileType = sourcecode.c.objc; path = main.m; sourceTree = "<group>"; };
/* End PBXFileReference section */

/* Begin PBXFrameworksBuildPhase section */
		551358F817E4406000B41A90 /* Frameworks */ = {
			isa = PBXFrameworksBuildPhase;
			buildActionMask = 2147483647;
			files = (
				551358FF17E4406000B41A90 /* UIKit.framework in Frameworks */,
				5513590117E4406000B41A90 /* Foundation.framework in Frameworks */,
				5513590317E4406000B41A90 /* CoreGraphics.framework in Frameworks */,
			);
			runOnlyForDeploymentPostprocessing = 0;
		};
/* End PBXFrameworksBuildPhase section */

/* Begin PBXGroup section */
		5510617D183AAB61003D79BF /* Intro */ = {
			isa = PBXGroup;
			children = (
				551061B0183AC28B003D79BF /* icon1@2x.png */,
				551061B1183AC28B003D79BF /* icon2@2x.png */,
				551061AE183AC21D003D79BF /* icon3@2x.png */,
				551061AC183ABF25003D79BF /* bigLogo@2x.png */,
				551061AA183ABAED003D79BF /* skipButton@2x.png */,
				551061A6183AB9D0003D79BF /* pageDot.png */,
				551061A7183AB9D0003D79BF /* pageDot@2x.png */,
				55106190183AAFD6003D79BF /* bg1@2x.png */,
				55106191183AAFD6003D79BF /* bg2@2x.png */,
				55106192183AAFD6003D79BF /* bg3@2x.png */,
				55106193183AAFD6003D79BF /* bg4@2x.png */,
				55106183183AAB61003D79BF /* title1@2x.png */,
				55106184183AAB61003D79BF /* title2@2x.png */,
				55106185183AAB61003D79BF /* title3@2x.png */,
				55106186183AAB61003D79BF /* title4@2x.png */,
			);
			path = Intro;
			sourceTree = "<group>";
		};
		5510619D183AB999003D79BF /* Libs */ = {
			isa = PBXGroup;
			children = (
				5510619E183AB999003D79BF /* SMPageControl */,
			);
			path = Libs;
			sourceTree = "<group>";
		};
		5510619E183AB999003D79BF /* SMPageControl */ = {
			isa = PBXGroup;
			children = (
				5510619F183AB999003D79BF /* LICENSE */,
				551061A0183AB999003D79BF /* readme.md */,
				551061A1183AB999003D79BF /* SMPageControl.h */,
				551061A2183AB999003D79BF /* SMPageControl.m */,
			);
			path = SMPageControl;
			sourceTree = "<group>";
		};
		551358F217E4405F00B41A90 = {
			isa = PBXGroup;
			children = (
				5513592617E440C500B41A90 /* EAIntroView */,
				5513592117E440C500B41A90 /* Classes */,
				5513592B17E440C500B41A90 /* Resources */,
				5513593017E440C500B41A90 /* Supporting-files */,
				551358FD17E4406000B41A90 /* Frameworks */,
				551358FC17E4406000B41A90 /* Products */,
			);
			sourceTree = "<group>";
		};
		551358FC17E4406000B41A90 /* Products */ = {
			isa = PBXGroup;
			children = (
				551358FB17E4406000B41A90 /* EAIntroView.app */,
			);
			name = Products;
			sourceTree = "<group>";
		};
		551358FD17E4406000B41A90 /* Frameworks */ = {
			isa = PBXGroup;
			children = (
				551358FE17E4406000B41A90 /* UIKit.framework */,
				5513590017E4406000B41A90 /* Foundation.framework */,
				5513590217E4406000B41A90 /* CoreGraphics.framework */,
			);
			name = Frameworks;
			sourceTree = "<group>";
		};
		5513592117E440C500B41A90 /* Classes */ = {
			isa = PBXGroup;
			children = (
				5510619D183AB999003D79BF /* Libs */,
				5513592217E440C500B41A90 /* AppDelegate.h */,
				5513592317E440C500B41A90 /* AppDelegate.m */,
				5513592417E440C500B41A90 /* ViewController.h */,
				5513592517E440C500B41A90 /* ViewController.m */,
				5510619A183AB7F3003D79BF /* PageSubclass.h */,
				5510619B183AB7F3003D79BF /* PageSubclass.m */,
			);
			path = Classes;
			sourceTree = "<group>";
		};
		5513592617E440C500B41A90 /* EAIntroView */ = {
			isa = PBXGroup;
			children = (
				5513592717E440C500B41A90 /* EAIntroPage.h */,
				5513592817E440C500B41A90 /* EAIntroPage.m */,
				5513592917E440C500B41A90 /* EAIntroView.h */,
				5513592A17E440C500B41A90 /* EAIntroView.m */,
			);
			path = EAIntroView;
			sourceTree = "<group>";
		};
		5513592B17E440C500B41A90 /* Resources */ = {
			isa = PBXGroup;
			children = (
				5510617D183AAB61003D79BF /* Intro */,
				5513592C17E440C500B41A90 /* Default-568h@2x.png */,
				5513592D17E440C500B41A90 /* Default.png */,
				5513592E17E440C500B41A90 /* Default@2x.png */,
				55106198183AB4CA003D79BF /* IntroPage.xib */,
				5513592F17E440C500B41A90 /* MainStoryboard.storyboard */,
			);
			path = Resources;
			sourceTree = "<group>";
		};
		5513593017E440C500B41A90 /* Supporting-files */ = {
			isa = PBXGroup;
			children = (
				5513593117E440C500B41A90 /* EAIntroView-Info.plist */,
				5513593217E440C500B41A90 /* EAIntroView-Prefix.pch */,
				5513593317E440C500B41A90 /* main.m */,
			);
			path = "Supporting-files";
			sourceTree = "<group>";
		};
/* End PBXGroup section */

/* Begin PBXNativeTarget section */
		551358FA17E4406000B41A90 /* EAIntroView */ = {
			isa = PBXNativeTarget;
			buildConfigurationList = 5513591E17E4406000B41A90 /* Build configuration list for PBXNativeTarget "EAIntroView" */;
			buildPhases = (
				551358F717E4406000B41A90 /* Sources */,
				551358F817E4406000B41A90 /* Frameworks */,
				551358F917E4406000B41A90 /* Resources */,
			);
			buildRules = (
			);
			dependencies = (
			);
			name = EAIntroView;
			productName = EAIntroView;
			productReference = 551358FB17E4406000B41A90 /* EAIntroView.app */;
			productType = "com.apple.product-type.application";
		};
/* End PBXNativeTarget section */

/* Begin PBXProject section */
		551358F317E4405F00B41A90 /* Project object */ = {
			isa = PBXProject;
			attributes = {
				LastUpgradeCheck = 0460;
				ORGANIZATIONNAME = SampleCorp;
			};
			buildConfigurationList = 551358F617E4405F00B41A90 /* Build configuration list for PBXProject "EAIntroView" */;
			compatibilityVersion = "Xcode 3.2";
			developmentRegion = English;
			hasScannedForEncodings = 0;
			knownRegions = (
				en,
			);
			mainGroup = 551358F217E4405F00B41A90;
			productRefGroup = 551358FC17E4406000B41A90 /* Products */;
			projectDirPath = "";
			projectRoot = "";
			targets = (
				551358FA17E4406000B41A90 /* EAIntroView */,
			);
		};
/* End PBXProject section */

/* Begin PBXResourcesBuildPhase section */
		551358F917E4406000B41A90 /* Resources */ = {
			isa = PBXResourcesBuildPhase;
			buildActionMask = 2147483647;
			files = (
				5513593817E440C500B41A90 /* Default-568h@2x.png in Resources */,
				551061AB183ABAED003D79BF /* skipButton@2x.png in Resources */,
				5513593917E440C500B41A90 /* Default.png in Resources */,
				551061A8183AB9D0003D79BF /* pageDot.png in Resources */,
				551061AD183ABF25003D79BF /* bigLogo@2x.png in Resources */,
				55106196183AAFD6003D79BF /* bg3@2x.png in Resources */,
				5510618E183AAB61003D79BF /* title3@2x.png in Resources */,
				55106195183AAFD6003D79BF /* bg2@2x.png in Resources */,
				55106197183AAFD6003D79BF /* bg4@2x.png in Resources */,
				5513593A17E440C500B41A90 /* Default@2x.png in Resources */,
				5510618D183AAB61003D79BF /* title2@2x.png in Resources */,
				551061A9183AB9D0003D79BF /* pageDot@2x.png in Resources */,
				5510618C183AAB61003D79BF /* title1@2x.png in Resources */,
				5513593B17E440C500B41A90 /* MainStoryboard.storyboard in Resources */,
				551061B3183AC28B003D79BF /* icon2@2x.png in Resources */,
				551061A3183AB999003D79BF /* LICENSE in Resources */,
				5510618F183AAB61003D79BF /* title4@2x.png in Resources */,
				55106199183AB4CA003D79BF /* IntroPage.xib in Resources */,
				551061AF183AC21D003D79BF /* icon3@2x.png in Resources */,
				551061A4183AB999003D79BF /* readme.md in Resources */,
				551061B2183AC28B003D79BF /* icon1@2x.png in Resources */,
				55106194183AAFD6003D79BF /* bg1@2x.png in Resources */,
			);
			runOnlyForDeploymentPostprocessing = 0;
		};
/* End PBXResourcesBuildPhase section */

/* Begin PBXSourcesBuildPhase section */
		551358F717E4406000B41A90 /* Sources */ = {
			isa = PBXSourcesBuildPhase;
			buildActionMask = 2147483647;
			files = (
				5513593417E440C500B41A90 /* AppDelegate.m in Sources */,
				551061A5183AB999003D79BF /* SMPageControl.m in Sources */,
				5513593517E440C500B41A90 /* ViewController.m in Sources */,
				5510619C183AB7F3003D79BF /* PageSubclass.m in Sources */,
				5513593617E440C500B41A90 /* EAIntroPage.m in Sources */,
				5513593717E440C500B41A90 /* EAIntroView.m in Sources */,
				5513593D17E440C500B41A90 /* main.m in Sources */,
			);
			runOnlyForDeploymentPostprocessing = 0;
		};
/* End PBXSourcesBuildPhase section */

/* Begin XCBuildConfiguration section */
		5513591C17E4406000B41A90 /* Debug */ = {
			isa = XCBuildConfiguration;
			buildSettings = {
				ALWAYS_SEARCH_USER_PATHS = NO;
				CLANG_CXX_LANGUAGE_STANDARD = "gnu++0x";
				CLANG_CXX_LIBRARY = "libc++";
				CLANG_ENABLE_OBJC_ARC = YES;
				CLANG_WARN_CONSTANT_CONVERSION = YES;
				CLANG_WARN_EMPTY_BODY = YES;
				CLANG_WARN_ENUM_CONVERSION = YES;
				CLANG_WARN_INT_CONVERSION = YES;
				CLANG_WARN__DUPLICATE_METHOD_MATCH = YES;
				"CODE_SIGN_IDENTITY[sdk=iphoneos*]" = "iPhone Developer";
				COPY_PHASE_STRIP = NO;
				GCC_C_LANGUAGE_STANDARD = gnu99;
				GCC_DYNAMIC_NO_PIC = NO;
				GCC_OPTIMIZATION_LEVEL = 0;
				GCC_PREPROCESSOR_DEFINITIONS = (
					"DEBUG=1",
					"$(inherited)",
				);
				GCC_SYMBOLS_PRIVATE_EXTERN = NO;
				GCC_WARN_ABOUT_RETURN_TYPE = YES;
				GCC_WARN_UNINITIALIZED_AUTOS = YES;
				GCC_WARN_UNUSED_VARIABLE = YES;
				IPHONEOS_DEPLOYMENT_TARGET = 5.0;
				ONLY_ACTIVE_ARCH = YES;
				SDKROOT = iphoneos;
			};
			name = Debug;
		};
		5513591D17E4406000B41A90 /* Release */ = {
			isa = XCBuildConfiguration;
			buildSettings = {
				ALWAYS_SEARCH_USER_PATHS = NO;
				CLANG_CXX_LANGUAGE_STANDARD = "gnu++0x";
				CLANG_CXX_LIBRARY = "libc++";
				CLANG_ENABLE_OBJC_ARC = YES;
				CLANG_WARN_CONSTANT_CONVERSION = YES;
				CLANG_WARN_EMPTY_BODY = YES;
				CLANG_WARN_ENUM_CONVERSION = YES;
				CLANG_WARN_INT_CONVERSION = YES;
				CLANG_WARN__DUPLICATE_METHOD_MATCH = YES;
				"CODE_SIGN_IDENTITY[sdk=iphoneos*]" = "iPhone Developer";
				COPY_PHASE_STRIP = YES;
				GCC_C_LANGUAGE_STANDARD = gnu99;
				GCC_WARN_ABOUT_RETURN_TYPE = YES;
				GCC_WARN_UNINITIALIZED_AUTOS = YES;
				GCC_WARN_UNUSED_VARIABLE = YES;
				IPHONEOS_DEPLOYMENT_TARGET = 5.0;
				OTHER_CFLAGS = "-DNS_BLOCK_ASSERTIONS=1";
				SDKROOT = iphoneos;
				VALIDATE_PRODUCT = YES;
			};
			name = Release;
		};
		5513591F17E4406000B41A90 /* Debug */ = {
			isa = XCBuildConfiguration;
			buildSettings = {
				GCC_PRECOMPILE_PREFIX_HEADER = YES;
				GCC_PREFIX_HEADER = "Supporting-files/EAIntroView-Prefix.pch";
				INFOPLIST_FILE = "$(SRCROOT)/Supporting-files/EAIntroView-Info.plist";
				IPHONEOS_DEPLOYMENT_TARGET = 5.0;
				PRODUCT_NAME = "$(TARGET_NAME)";
				WRAPPER_EXTENSION = app;
			};
			name = Debug;
		};
		5513592017E4406000B41A90 /* Release */ = {
			isa = XCBuildConfiguration;
			buildSettings = {
				GCC_PRECOMPILE_PREFIX_HEADER = YES;
				GCC_PREFIX_HEADER = "Supporting-files/EAIntroView-Prefix.pch";
				INFOPLIST_FILE = "$(SRCROOT)/Supporting-files/EAIntroView-Info.plist";
				IPHONEOS_DEPLOYMENT_TARGET = 5.0;
				PRODUCT_NAME = "$(TARGET_NAME)";
				WRAPPER_EXTENSION = app;
			};
			name = Release;
		};
/* End XCBuildConfiguration section */

/* Begin XCConfigurationList section */
		551358F617E4405F00B41A90 /* Build configuration list for PBXProject "EAIntroView" */ = {
			isa = XCConfigurationList;
			buildConfigurations = (
				5513591C17E4406000B41A90 /* Debug */,
				5513591D17E4406000B41A90 /* Release */,
			);
			defaultConfigurationIsVisible = 0;
			defaultConfigurationName = Release;
		};
		5513591E17E4406000B41A90 /* Build configuration list for PBXNativeTarget "EAIntroView" */ = {
			isa = XCConfigurationList;
			buildConfigurations = (
				5513591F17E4406000B41A90 /* Debug */,
				5513592017E4406000B41A90 /* Release */,
			);
			defaultConfigurationIsVisible = 0;
			defaultConfigurationName = Release;
		};
/* End XCConfigurationList section */
	};
	rootObject = 551358F317E4405F00B41A90 /* Project object */;
}
